// !$*UTF8*$!
{
	archiveVersion = 1;
	classes = {
	};
	objectVersion = 46;
	objects = {

/* Begin PBXBuildFile section */
		A914BDFA1D70547000F30FC2 /* Alamofire.framework in Frameworks */ = {isa = PBXBuildFile; fileRef = A914BDF91D70547000F30FC2 /* Alamofire.framework */; };
		A92140EB1D53B59900C4D605 /* FilmTabBarController.swift in Sources */ = {isa = PBXBuildFile; fileRef = A92140EA1D53B59900C4D605 /* FilmTabBarController.swift */; };
		A977B5E01D51FB00009FC1CE /* AppDelegate.swift in Sources */ = {isa = PBXBuildFile; fileRef = A977B5DF1D51FB00009FC1CE /* AppDelegate.swift */; };
		A977B5E21D51FB00009FC1CE /* ViewController.swift in Sources */ = {isa = PBXBuildFile; fileRef = A977B5E11D51FB00009FC1CE /* ViewController.swift */; };
		A977B5E51D51FB00009FC1CE /* Main.storyboard in Resources */ = {isa = PBXBuildFile; fileRef = A977B5E31D51FB00009FC1CE /* Main.storyboard */; };
		A977B5E71D51FB00009FC1CE /* Assets.xcassets in Resources */ = {isa = PBXBuildFile; fileRef = A977B5E61D51FB00009FC1CE /* Assets.xcassets */; };
		A977B5EA1D51FB00009FC1CE /* LaunchScreen.storyboard in Resources */ = {isa = PBXBuildFile; fileRef = A977B5E81D51FB00009FC1CE /* LaunchScreen.storyboard */; };
		A977B5F51D51FB00009FC1CE /* MooviestTests.swift in Sources */ = {isa = PBXBuildFile; fileRef = A977B5F41D51FB00009FC1CE /* MooviestTests.swift */; };
		A977B6001D51FB00009FC1CE /* MooviestUITests.swift in Sources */ = {isa = PBXBuildFile; fileRef = A977B5FF1D51FB00009FC1CE /* MooviestUITests.swift */; };
		A977B60E1D51FCBE009FC1CE /* FilmTabView.swift in Sources */ = {isa = PBXBuildFile; fileRef = A977B60D1D51FCBE009FC1CE /* FilmTabView.swift */; };
		A977B6101D51FD81009FC1CE /* SwipeTabView.swift in Sources */ = {isa = PBXBuildFile; fileRef = A977B60F1D51FD81009FC1CE /* SwipeTabView.swift */; };
		A977B6121D51FDAD009FC1CE /* SwipeTabViewController.swift in Sources */ = {isa = PBXBuildFile; fileRef = A977B6111D51FDAD009FC1CE /* SwipeTabViewController.swift */; };
		A977B6141D51FE32009FC1CE /* DraggableView.swift in Sources */ = {isa = PBXBuildFile; fileRef = A977B6131D51FE32009FC1CE /* DraggableView.swift */; };
		A977B6161D51FE8D009FC1CE /* OverlayView.swift in Sources */ = {isa = PBXBuildFile; fileRef = A977B6151D51FE8D009FC1CE /* OverlayView.swift */; };
		A977B6181D52017C009FC1CE /* LoginView.swift in Sources */ = {isa = PBXBuildFile; fileRef = A977B6171D52017C009FC1CE /* LoginView.swift */; };
		A977B61A1D5201AC009FC1CE /* LoginViewController.swift in Sources */ = {isa = PBXBuildFile; fileRef = A977B6191D5201AC009FC1CE /* LoginViewController.swift */; };
		A977B61C1D520ACC009FC1CE /* Colors.swift in Sources */ = {isa = PBXBuildFile; fileRef = A977B61B1D520ACC009FC1CE /* Colors.swift */; };
/* End PBXBuildFile section */

/* Begin PBXContainerItemProxy section */
		A977B5F11D51FB00009FC1CE /* PBXContainerItemProxy */ = {
			isa = PBXContainerItemProxy;
			containerPortal = A977B5D41D51FB00009FC1CE /* Project object */;
			proxyType = 1;
			remoteGlobalIDString = A977B5DB1D51FB00009FC1CE;
			remoteInfo = Mooviest;
		};
		A977B5FC1D51FB00009FC1CE /* PBXContainerItemProxy */ = {
			isa = PBXContainerItemProxy;
			containerPortal = A977B5D41D51FB00009FC1CE /* Project object */;
			proxyType = 1;
			remoteGlobalIDString = A977B5DB1D51FB00009FC1CE;
			remoteInfo = Mooviest;
		};
/* End PBXContainerItemProxy section */

/* Begin PBXFileReference section */
		A914BDF91D70547000F30FC2 /* Alamofire.framework */ = {isa = PBXFileReference; lastKnownFileType = wrapper.framework; name = Alamofire.framework; path = Carthage/Build/iOS/Alamofire.framework; sourceTree = "<group>"; };
		A92140EA1D53B59900C4D605 /* FilmTabBarController.swift */ = {isa = PBXFileReference; fileEncoding = 4; lastKnownFileType = sourcecode.swift; path = FilmTabBarController.swift; sourceTree = "<group>"; };
		A977B5DC1D51FB00009FC1CE /* Mooviest.app */ = {isa = PBXFileReference; explicitFileType = wrapper.application; includeInIndex = 0; path = Mooviest.app; sourceTree = BUILT_PRODUCTS_DIR; };
		A977B5DF1D51FB00009FC1CE /* AppDelegate.swift */ = {isa = PBXFileReference; lastKnownFileType = sourcecode.swift; path = AppDelegate.swift; sourceTree = "<group>"; };
		A977B5E11D51FB00009FC1CE /* ViewController.swift */ = {isa = PBXFileReference; lastKnownFileType = sourcecode.swift; path = ViewController.swift; sourceTree = "<group>"; };
		A977B5E41D51FB00009FC1CE /* Base */ = {isa = PBXFileReference; lastKnownFileType = file.storyboard; name = Base; path = Base.lproj/Main.storyboard; sourceTree = "<group>"; };
		A977B5E61D51FB00009FC1CE /* Assets.xcassets */ = {isa = PBXFileReference; lastKnownFileType = folder.assetcatalog; path = Assets.xcassets; sourceTree = "<group>"; };
		A977B5E91D51FB00009FC1CE /* Base */ = {isa = PBXFileReference; lastKnownFileType = file.storyboard; name = Base; path = Base.lproj/LaunchScreen.storyboard; sourceTree = "<group>"; };
		A977B5EB1D51FB00009FC1CE /* Info.plist */ = {isa = PBXFileReference; lastKnownFileType = text.plist.xml; path = Info.plist; sourceTree = "<group>"; };
		A977B5F01D51FB00009FC1CE /* MooviestTests.xctest */ = {isa = PBXFileReference; explicitFileType = wrapper.cfbundle; includeInIndex = 0; path = MooviestTests.xctest; sourceTree = BUILT_PRODUCTS_DIR; };
		A977B5F41D51FB00009FC1CE /* MooviestTests.swift */ = {isa = PBXFileReference; lastKnownFileType = sourcecode.swift; path = MooviestTests.swift; sourceTree = "<group>"; };
		A977B5F61D51FB00009FC1CE /* Info.plist */ = {isa = PBXFileReference; lastKnownFileType = text.plist.xml; path = Info.plist; sourceTree = "<group>"; };
		A977B5FB1D51FB00009FC1CE /* MooviestUITests.xctest */ = {isa = PBXFileReference; explicitFileType = wrapper.cfbundle; includeInIndex = 0; path = MooviestUITests.xctest; sourceTree = BUILT_PRODUCTS_DIR; };
		A977B5FF1D51FB00009FC1CE /* MooviestUITests.swift */ = {isa = PBXFileReference; lastKnownFileType = sourcecode.swift; path = MooviestUITests.swift; sourceTree = "<group>"; };
		A977B6011D51FB00009FC1CE /* Info.plist */ = {isa = PBXFileReference; lastKnownFileType = text.plist.xml; path = Info.plist; sourceTree = "<group>"; };
		A977B60D1D51FCBE009FC1CE /* FilmTabView.swift */ = {isa = PBXFileReference; fileEncoding = 4; lastKnownFileType = sourcecode.swift; path = FilmTabView.swift; sourceTree = "<group>"; };
		A977B60F1D51FD81009FC1CE /* SwipeTabView.swift */ = {isa = PBXFileReference; fileEncoding = 4; lastKnownFileType = sourcecode.swift; path = SwipeTabView.swift; sourceTree = "<group>"; };
		A977B6111D51FDAD009FC1CE /* SwipeTabViewController.swift */ = {isa = PBXFileReference; fileEncoding = 4; lastKnownFileType = sourcecode.swift; path = SwipeTabViewController.swift; sourceTree = "<group>"; };
		A977B6131D51FE32009FC1CE /* DraggableView.swift */ = {isa = PBXFileReference; fileEncoding = 4; lastKnownFileType = sourcecode.swift; path = DraggableView.swift; sourceTree = "<group>"; };
		A977B6151D51FE8D009FC1CE /* OverlayView.swift */ = {isa = PBXFileReference; fileEncoding = 4; lastKnownFileType = sourcecode.swift; path = OverlayView.swift; sourceTree = "<group>"; };
		A977B6171D52017C009FC1CE /* LoginView.swift */ = {isa = PBXFileReference; fileEncoding = 4; lastKnownFileType = sourcecode.swift; path = LoginView.swift; sourceTree = "<group>"; };
		A977B6191D5201AC009FC1CE /* LoginViewController.swift */ = {isa = PBXFileReference; fileEncoding = 4; lastKnownFileType = sourcecode.swift; path = LoginViewController.swift; sourceTree = "<group>"; };
		A977B61B1D520ACC009FC1CE /* Colors.swift */ = {isa = PBXFileReference; fileEncoding = 4; lastKnownFileType = sourcecode.swift; path = Colors.swift; sourceTree = "<group>"; };
/* End PBXFileReference section */

/* Begin PBXFrameworksBuildPhase section */
		A977B5D91D51FB00009FC1CE /* Frameworks */ = {
			isa = PBXFrameworksBuildPhase;
			buildActionMask = 2147483647;
			files = (
				A914BDFA1D70547000F30FC2 /* Alamofire.framework in Frameworks */,
			);
			runOnlyForDeploymentPostprocessing = 0;
		};
		A977B5ED1D51FB00009FC1CE /* Frameworks */ = {
			isa = PBXFrameworksBuildPhase;
			buildActionMask = 2147483647;
			files = (
			);
			runOnlyForDeploymentPostprocessing = 0;
		};
		A977B5F81D51FB00009FC1CE /* Frameworks */ = {
			isa = PBXFrameworksBuildPhase;
			buildActionMask = 2147483647;
			files = (
			);
			runOnlyForDeploymentPostprocessing = 0;
		};
/* End PBXFrameworksBuildPhase section */

/* Begin PBXGroup section */
		A977B5D31D51FB00009FC1CE = {
			isa = PBXGroup;
			children = (
				A914BDF91D70547000F30FC2 /* Alamofire.framework */,
				A977B5DE1D51FB00009FC1CE /* Mooviest */,
				A977B5F31D51FB00009FC1CE /* MooviestTests */,
				A977B5FE1D51FB00009FC1CE /* MooviestUITests */,
				A977B5DD1D51FB00009FC1CE /* Products */,
			);
			sourceTree = "<group>";
		};
		A977B5DD1D51FB00009FC1CE /* Products */ = {
			isa = PBXGroup;
			children = (
				A977B5DC1D51FB00009FC1CE /* Mooviest.app */,
				A977B5F01D51FB00009FC1CE /* MooviestTests.xctest */,
				A977B5FB1D51FB00009FC1CE /* MooviestUITests.xctest */,
			);
			name = Products;
			sourceTree = "<group>";
		};
		A977B5DE1D51FB00009FC1CE /* Mooviest */ = {
			isa = PBXGroup;
			children = (
				A977B5DF1D51FB00009FC1CE /* AppDelegate.swift */,
				A977B5E11D51FB00009FC1CE /* ViewController.swift */,
				A977B5E31D51FB00009FC1CE /* Main.storyboard */,
				A977B5E61D51FB00009FC1CE /* Assets.xcassets */,
				A977B5E81D51FB00009FC1CE /* LaunchScreen.storyboard */,
				A977B5EB1D51FB00009FC1CE /* Info.plist */,
				A977B60D1D51FCBE009FC1CE /* FilmTabView.swift */,
				A977B60F1D51FD81009FC1CE /* SwipeTabView.swift */,
				A977B6111D51FDAD009FC1CE /* SwipeTabViewController.swift */,
				A977B6131D51FE32009FC1CE /* DraggableView.swift */,
				A977B6151D51FE8D009FC1CE /* OverlayView.swift */,
				A977B6171D52017C009FC1CE /* LoginView.swift */,
				A977B6191D5201AC009FC1CE /* LoginViewController.swift */,
				A977B61B1D520ACC009FC1CE /* Colors.swift */,
				A92140EA1D53B59900C4D605 /* FilmTabBarController.swift */,
			);
			path = Mooviest;
			sourceTree = "<group>";
		};
		A977B5F31D51FB00009FC1CE /* MooviestTests */ = {
			isa = PBXGroup;
			children = (
				A977B5F41D51FB00009FC1CE /* MooviestTests.swift */,
				A977B5F61D51FB00009FC1CE /* Info.plist */,
			);
			path = MooviestTests;
			sourceTree = "<group>";
		};
		A977B5FE1D51FB00009FC1CE /* MooviestUITests */ = {
			isa = PBXGroup;
			children = (
				A977B5FF1D51FB00009FC1CE /* MooviestUITests.swift */,
				A977B6011D51FB00009FC1CE /* Info.plist */,
			);
			path = MooviestUITests;
			sourceTree = "<group>";
		};
/* End PBXGroup section */

/* Begin PBXNativeTarget section */
		A977B5DB1D51FB00009FC1CE /* Mooviest */ = {
			isa = PBXNativeTarget;
			buildConfigurationList = A977B6041D51FB00009FC1CE /* Build configuration list for PBXNativeTarget "Mooviest" */;
			buildPhases = (
				A977B5D81D51FB00009FC1CE /* Sources */,
				A977B5D91D51FB00009FC1CE /* Frameworks */,
				A977B5DA1D51FB00009FC1CE /* Resources */,
			);
			buildRules = (
			);
			dependencies = (
			);
			name = Mooviest;
			productName = Mooviest;
			productReference = A977B5DC1D51FB00009FC1CE /* Mooviest.app */;
			productType = "com.apple.product-type.application";
		};
		A977B5EF1D51FB00009FC1CE /* MooviestTests */ = {
			isa = PBXNativeTarget;
			buildConfigurationList = A977B6071D51FB00009FC1CE /* Build configuration list for PBXNativeTarget "MooviestTests" */;
			buildPhases = (
				A977B5EC1D51FB00009FC1CE /* Sources */,
				A977B5ED1D51FB00009FC1CE /* Frameworks */,
				A977B5EE1D51FB00009FC1CE /* Resources */,
			);
			buildRules = (
			);
			dependencies = (
				A977B5F21D51FB00009FC1CE /* PBXTargetDependency */,
			);
			name = MooviestTests;
			productName = MooviestTests;
			productReference = A977B5F01D51FB00009FC1CE /* MooviestTests.xctest */;
			productType = "com.apple.product-type.bundle.unit-test";
		};
		A977B5FA1D51FB00009FC1CE /* MooviestUITests */ = {
			isa = PBXNativeTarget;
			buildConfigurationList = A977B60A1D51FB00009FC1CE /* Build configuration list for PBXNativeTarget "MooviestUITests" */;
			buildPhases = (
				A977B5F71D51FB00009FC1CE /* Sources */,
				A977B5F81D51FB00009FC1CE /* Frameworks */,
				A977B5F91D51FB00009FC1CE /* Resources */,
			);
			buildRules = (
			);
			dependencies = (
				A977B5FD1D51FB00009FC1CE /* PBXTargetDependency */,
			);
			name = MooviestUITests;
			productName = MooviestUITests;
			productReference = A977B5FB1D51FB00009FC1CE /* MooviestUITests.xctest */;
			productType = "com.apple.product-type.bundle.ui-testing";
		};
/* End PBXNativeTarget section */

/* Begin PBXProject section */
		A977B5D41D51FB00009FC1CE /* Project object */ = {
			isa = PBXProject;
			attributes = {
				LastSwiftUpdateCheck = 0730;
				LastUpgradeCheck = 0730;
				ORGANIZATIONNAME = Mooviest;
				TargetAttributes = {
					A977B5DB1D51FB00009FC1CE = {
						CreatedOnToolsVersion = 7.3.1;
						DevelopmentTeam = MTWP2E29RY;
					};
					A977B5EF1D51FB00009FC1CE = {
						CreatedOnToolsVersion = 7.3.1;
						TestTargetID = A977B5DB1D51FB00009FC1CE;
					};
					A977B5FA1D51FB00009FC1CE = {
						CreatedOnToolsVersion = 7.3.1;
						TestTargetID = A977B5DB1D51FB00009FC1CE;
					};
				};
			};
			buildConfigurationList = A977B5D71D51FB00009FC1CE /* Build configuration list for PBXProject "Mooviest" */;
			compatibilityVersion = "Xcode 3.2";
			developmentRegion = English;
			hasScannedForEncodings = 0;
			knownRegions = (
				en,
				Base,
			);
			mainGroup = A977B5D31D51FB00009FC1CE;
			productRefGroup = A977B5DD1D51FB00009FC1CE /* Products */;
			projectDirPath = "";
			projectRoot = "";
			targets = (
				A977B5DB1D51FB00009FC1CE /* Mooviest */,
				A977B5EF1D51FB00009FC1CE /* MooviestTests */,
				A977B5FA1D51FB00009FC1CE /* MooviestUITests */,
			);
		};
/* End PBXProject section */

/* Begin PBXResourcesBuildPhase section */
		A977B5DA1D51FB00009FC1CE /* Resources */ = {
			isa = PBXResourcesBuildPhase;
			buildActionMask = 2147483647;
			files = (
				A977B5EA1D51FB00009FC1CE /* LaunchScreen.storyboard in Resources */,
				A977B5E71D51FB00009FC1CE /* Assets.xcassets in Resources */,
				A977B5E51D51FB00009FC1CE /* Main.storyboard in Resources */,
			);
			runOnlyForDeploymentPostprocessing = 0;
		};
		A977B5EE1D51FB00009FC1CE /* Resources */ = {
			isa = PBXResourcesBuildPhase;
			buildActionMask = 2147483647;
			files = (
			);
			runOnlyForDeploymentPostprocessing = 0;
		};
		A977B5F91D51FB00009FC1CE /* Resources */ = {
			isa = PBXResourcesBuildPhase;
			buildActionMask = 2147483647;
			files = (
			);
			runOnlyForDeploymentPostprocessing = 0;
		};
/* End PBXResourcesBuildPhase section */

/* Begin PBXSourcesBuildPhase section */
		A977B5D81D51FB00009FC1CE /* Sources */ = {
			isa = PBXSourcesBuildPhase;
			buildActionMask = 2147483647;
			files = (
				A977B61A1D5201AC009FC1CE /* LoginViewController.swift in Sources */,
				A977B61C1D520ACC009FC1CE /* Colors.swift in Sources */,
				A92140EB1D53B59900C4D605 /* FilmTabBarController.swift in Sources */,
				A977B6141D51FE32009FC1CE /* DraggableView.swift in Sources */,
				A977B60E1D51FCBE009FC1CE /* FilmTabView.swift in Sources */,
				A977B6161D51FE8D009FC1CE /* OverlayView.swift in Sources */,
				A977B5E21D51FB00009FC1CE /* ViewController.swift in Sources */,
				A977B5E01D51FB00009FC1CE /* AppDelegate.swift in Sources */,
				A977B6121D51FDAD009FC1CE /* SwipeTabViewController.swift in Sources */,
				A977B6181D52017C009FC1CE /* LoginView.swift in Sources */,
				A977B6101D51FD81009FC1CE /* SwipeTabView.swift in Sources */,
			);
			runOnlyForDeploymentPostprocessing = 0;
		};
		A977B5EC1D51FB00009FC1CE /* Sources */ = {
			isa = PBXSourcesBuildPhase;
			buildActionMask = 2147483647;
			files = (
				A977B5F51D51FB00009FC1CE /* MooviestTests.swift in Sources */,
			);
			runOnlyForDeploymentPostprocessing = 0;
		};
		A977B5F71D51FB00009FC1CE /* Sources */ = {
			isa = PBXSourcesBuildPhase;
			buildActionMask = 2147483647;
			files = (
				A977B6001D51FB00009FC1CE /* MooviestUITests.swift in Sources */,
			);
			runOnlyForDeploymentPostprocessing = 0;
		};
/* End PBXSourcesBuildPhase section */

/* Begin PBXTargetDependency section */
		A977B5F21D51FB00009FC1CE /* PBXTargetDependency */ = {
			isa = PBXTargetDependency;
			target = A977B5DB1D51FB00009FC1CE /* Mooviest */;
			targetProxy = A977B5F11D51FB00009FC1CE /* PBXContainerItemProxy */;
		};
		A977B5FD1D51FB00009FC1CE /* PBXTargetDependency */ = {
			isa = PBXTargetDependency;
			target = A977B5DB1D51FB00009FC1CE /* Mooviest */;
			targetProxy = A977B5FC1D51FB00009FC1CE /* PBXContainerItemProxy */;
		};
/* End PBXTargetDependency section */

/* Begin PBXVariantGroup section */
		A977B5E31D51FB00009FC1CE /* Main.storyboard */ = {
			isa = PBXVariantGroup;
			children = (
				A977B5E41D51FB00009FC1CE /* Base */,
			);
			name = Main.storyboard;
			sourceTree = "<group>";
		};
		A977B5E81D51FB00009FC1CE /* LaunchScreen.storyboard */ = {
			isa = PBXVariantGroup;
			children = (
				A977B5E91D51FB00009FC1CE /* Base */,
			);
			name = LaunchScreen.storyboard;
			sourceTree = "<group>";
		};
/* End PBXVariantGroup section */

/* Begin XCBuildConfiguration section */
		A977B6021D51FB00009FC1CE /* Debug */ = {
			isa = XCBuildConfiguration;
			buildSettings = {
				ALWAYS_SEARCH_USER_PATHS = NO;
				CLANG_ANALYZER_NONNULL = YES;
				CLANG_CXX_LANGUAGE_STANDARD = "gnu++0x";
				CLANG_CXX_LIBRARY = "libc++";
				CLANG_ENABLE_MODULES = YES;
				CLANG_ENABLE_OBJC_ARC = YES;
				CLANG_WARN_BOOL_CONVERSION = YES;
				CLANG_WARN_CONSTANT_CONVERSION = YES;
				CLANG_WARN_DIRECT_OBJC_ISA_USAGE = YES_ERROR;
				CLANG_WARN_EMPTY_BODY = YES;
				CLANG_WARN_ENUM_CONVERSION = YES;
				CLANG_WARN_INT_CONVERSION = YES;
				CLANG_WARN_OBJC_ROOT_CLASS = YES_ERROR;
				CLANG_WARN_UNREACHABLE_CODE = YES;
				CLANG_WARN__DUPLICATE_METHOD_MATCH = YES;
				"CODE_SIGN_IDENTITY[sdk=iphoneos*]" = "iPhone Developer";
				COPY_PHASE_STRIP = NO;
				DEBUG_INFORMATION_FORMAT = dwarf;
				ENABLE_STRICT_OBJC_MSGSEND = YES;
				ENABLE_TESTABILITY = YES;
				GCC_C_LANGUAGE_STANDARD = gnu99;
				GCC_DYNAMIC_NO_PIC = NO;
				GCC_NO_COMMON_BLOCKS = YES;
				GCC_OPTIMIZATION_LEVEL = 0;
				GCC_PREPROCESSOR_DEFINITIONS = (
					"DEBUG=1",
					"$(inherited)",
				);
				GCC_WARN_64_TO_32_BIT_CONVERSION = YES;
				GCC_WARN_ABOUT_RETURN_TYPE = YES_ERROR;
				GCC_WARN_UNDECLARED_SELECTOR = YES;
				GCC_WARN_UNINITIALIZED_AUTOS = YES_AGGRESSIVE;
				GCC_WARN_UNUSED_FUNCTION = YES;
				GCC_WARN_UNUSED_VARIABLE = YES;
				IPHONEOS_DEPLOYMENT_TARGET = 9.3;
				MTL_ENABLE_DEBUG_INFO = YES;
				ONLY_ACTIVE_ARCH = YES;
				SDKROOT = iphoneos;
				SWIFT_OPTIMIZATION_LEVEL = "-Onone";
			};
			name = Debug;
		};
		A977B6031D51FB00009FC1CE /* Release */ = {
			isa = XCBuildConfiguration;
			buildSettings = {
				ALWAYS_SEARCH_USER_PATHS = NO;
				CLANG_ANALYZER_NONNULL = YES;
				CLANG_CXX_LANGUAGE_STANDARD = "gnu++0x";
				CLANG_CXX_LIBRARY = "libc++";
				CLANG_ENABLE_MODULES = YES;
				CLANG_ENABLE_OBJC_ARC = YES;
				CLANG_WARN_BOOL_CONVERSION = YES;
				CLANG_WARN_CONSTANT_CONVERSION = YES;
				CLANG_WARN_DIRECT_OBJC_ISA_USAGE = YES_ERROR;
				CLANG_WARN_EMPTY_BODY = YES;
				CLANG_WARN_ENUM_CONVERSION = YES;
				CLANG_WARN_INT_CONVERSION = YES;
				CLANG_WARN_OBJC_ROOT_CLASS = YES_ERROR;
				CLANG_WARN_UNREACHABLE_CODE = YES;
				CLANG_WARN__DUPLICATE_METHOD_MATCH = YES;
				"CODE_SIGN_IDENTITY[sdk=iphoneos*]" = "iPhone Developer";
				COPY_PHASE_STRIP = NO;
				DEBUG_INFORMATION_FORMAT = "dwarf-with-dsym";
				ENABLE_NS_ASSERTIONS = NO;
				ENABLE_STRICT_OBJC_MSGSEND = YES;
				GCC_C_LANGUAGE_STANDARD = gnu99;
				GCC_NO_COMMON_BLOCKS = YES;
				GCC_WARN_64_TO_32_BIT_CONVERSION = YES;
				GCC_WARN_ABOUT_RETURN_TYPE = YES_ERROR;
				GCC_WARN_UNDECLARED_SELECTOR = YES;
				GCC_WARN_UNINITIALIZED_AUTOS = YES_AGGRESSIVE;
				GCC_WARN_UNUSED_FUNCTION = YES;
				GCC_WARN_UNUSED_VARIABLE = YES;
				IPHONEOS_DEPLOYMENT_TARGET = 9.3;
				MTL_ENABLE_DEBUG_INFO = NO;
				SDKROOT = iphoneos;
				VALIDATE_PRODUCT = YES;
			};
			name = Release;
		};
		A977B6051D51FB00009FC1CE /* Debug */ = {
			isa = XCBuildConfiguration;
			buildSettings = {
				ASSETCATALOG_COMPILER_APPICON_NAME = AppIcon;
				CODE_SIGN_IDENTITY = "iPhone Developer";
				FRAMEWORK_SEARCH_PATHS = (
					"$(inherited)",
					"$(PROJECT_DIR)/Carthage/Build/iOS",
				);
				INFOPLIST_FILE = Mooviest/Info.plist;
				IPHONEOS_DEPLOYMENT_TARGET = 9.2;
				LD_RUNPATH_SEARCH_PATHS = "$(inherited) @executable_path/Frameworks";
				PRODUCT_BUNDLE_IDENTIFIER = com.mooviest.Mooviest;
				PRODUCT_NAME = "$(TARGET_NAME)";
			};
			name = Debug;
		};
		A977B6061D51FB00009FC1CE /* Release */ = {
			isa = XCBuildConfiguration;
			buildSettings = {
				ASSETCATALOG_COMPILER_APPICON_NAME = AppIcon;
				CODE_SIGN_IDENTITY = "iPhone Developer";
				FRAMEWORK_SEARCH_PATHS = (
					"$(inherited)",
					"$(PROJECT_DIR)/Carthage/Build/iOS",
				);
				INFOPLIST_FILE = Mooviest/Info.plist;
				IPHONEOS_DEPLOYMENT_TARGET = 9.2;
				LD_RUNPATH_SEARCH_PATHS = "$(inherited) @executable_path/Frameworks";
				PRODUCT_BUNDLE_IDENTIFIER = com.mooviest.Mooviest;
				PRODUCT_NAME = "$(TARGET_NAME)";
			};
			name = Release;
		};
		A977B6081D51FB00009FC1CE /* Debug */ = {
			isa = XCBuildConfiguration;
			buildSettings = {
				BUNDLE_LOADER = "$(TEST_HOST)";
				INFOPLIST_FILE = MooviestTests/Info.plist;
				LD_RUNPATH_SEARCH_PATHS = "$(inherited) @executable_path/Frameworks @loader_path/Frameworks";
				PRODUCT_BUNDLE_IDENTIFIER = com.mooviest.MooviestTests;
				PRODUCT_NAME = "$(TARGET_NAME)";
				TEST_HOST = "$(BUILT_PRODUCTS_DIR)/Mooviest.app/Mooviest";
			};
			name = Debug;
		};
		A977B6091D51FB00009FC1CE /* Release */ = {
			isa = XCBuildConfiguration;
			buildSettings = {
				BUNDLE_LOADER = "$(TEST_HOST)";
				INFOPLIST_FILE = MooviestTests/Info.plist;
				LD_RUNPATH_SEARCH_PATHS = "$(inherited) @executable_path/Frameworks @loader_path/Frameworks";
				PRODUCT_BUNDLE_IDENTIFIER = com.mooviest.MooviestTests;
				PRODUCT_NAME = "$(TARGET_NAME)";
				TEST_HOST = "$(BUILT_PRODUCTS_DIR)/Mooviest.app/Mooviest";
			};
			name = Release;
		};
		A977B60B1D51FB00009FC1CE /* Debug */ = {
			isa = XCBuildConfiguration;
			buildSettings = {
				INFOPLIST_FILE = MooviestUITests/Info.plist;
				LD_RUNPATH_SEARCH_PATHS = "$(inherited) @executable_path/Frameworks @loader_path/Frameworks";
				PRODUCT_BUNDLE_IDENTIFIER = com.mooviest.MooviestUITests;
				PRODUCT_NAME = "$(TARGET_NAME)";
				TEST_TARGET_NAME = Mooviest;
			};
			name = Debug;
		};
		A977B60C1D51FB00009FC1CE /* Release */ = {
			isa = XCBuildConfiguration;
			buildSettings = {
				INFOPLIST_FILE = MooviestUITests/Info.plist;
				LD_RUNPATH_SEARCH_PATHS = "$(inherited) @executable_path/Frameworks @loader_path/Frameworks";
				PRODUCT_BUNDLE_IDENTIFIER = com.mooviest.MooviestUITests;
				PRODUCT_NAME = "$(TARGET_NAME)";
				TEST_TARGET_NAME = Mooviest;
			};
			name = Release;
		};
/* End XCBuildConfiguration section */

/* Begin XCConfigurationList section */
		A977B5D71D51FB00009FC1CE /* Build configuration list for PBXProject "Mooviest" */ = {
			isa = XCConfigurationList;
			buildConfigurations = (
				A977B6021D51FB00009FC1CE /* Debug */,
				A977B6031D51FB00009FC1CE /* Release */,
			);
			defaultConfigurationIsVisible = 0;
			defaultConfigurationName = Release;
		};
		A977B6041D51FB00009FC1CE /* Build configuration list for PBXNativeTarget "Mooviest" */ = {
			isa = XCConfigurationList;
			buildConfigurations = (
				A977B6051D51FB00009FC1CE /* Debug */,
				A977B6061D51FB00009FC1CE /* Release */,
			);
			defaultConfigurationIsVisible = 0;
			defaultConfigurationName = Release;
		};
		A977B6071D51FB00009FC1CE /* Build configuration list for PBXNativeTarget "MooviestTests" */ = {
			isa = XCConfigurationList;
			buildConfigurations = (
				A977B6081D51FB00009FC1CE /* Debug */,
				A977B6091D51FB00009FC1CE /* Release */,
			);
			defaultConfigurationIsVisible = 0;
			defaultConfigurationName = Release;
		};
		A977B60A1D51FB00009FC1CE /* Build configuration list for PBXNativeTarget "MooviestUITests" */ = {
			isa = XCConfigurationList;
			buildConfigurations = (
				A977B60B1D51FB00009FC1CE /* Debug */,
				A977B60C1D51FB00009FC1CE /* Release */,
			);
			defaultConfigurationIsVisible = 0;
			defaultConfigurationName = Release;
		};
/* End XCConfigurationList section */
	};
	rootObject = A977B5D41D51FB00009FC1CE /* Project object */;
}
